
Microsoft Visual Studio Solution File, Format Version 12.00
# Visual Studio 2012
Project("{8BC9CEB8-8B4A-11D0-8D11-00A0C91BC942}") = "lab5-build", "lab5-build.vcxproj", "{182D3F4E-8160-448F-869D-212BF1D1698E}"
EndProject
Global
	GlobalSection(SolutionConfigurationPlatforms) = preSolution
		Debug|Win32 = Debug|Win32
		Release|Win32 = Release|Win32
	EndGlobalSection
	GlobalSection(ProjectConfigurationPlatforms) = postSolution
		{182D3F4E-8160-448F-869D-212BF1D1698E}.Debug|Win32.ActiveCfg = Debug|Win32
		{182D3F4E-8160-448F-869D-212BF1D1698E}.Debug|Win32.Build.0 = Debug|Win32
		{182D3F4E-8160-448F-869D-212BF1D1698E}.Release|Win32.ActiveCfg = Release|Win32
		{182D3F4E-8160-448F-869D-212BF1D1698E}.Release|Win32.Build.0 = Release|Win32
	EndGlobalSection
	GlobalSection(SolutionProperties) = preSolution
		HideSolutionNode = FALSE
	EndGlobalSection
EndGlobal
